<?xml version="1.0" encoding="utf-8"?>
<Project ToolsVersion="4.0" xmlns="http://schemas.microsoft.com/developer/msbuild/2003">
  <ItemGroup>
    <ClCompile Include="test\test-main.cpp">
      <Filter>test</Filter>
    </ClCompile>
    <ClCompile Include="test\advanced-test.cpp">
      <Filter>test</Filter>
    </ClCompile>
    <ClCompile Include="test\basic-test.cpp">
      <Filter>test</Filter>
    </ClCompile>
    <ClCompile Include="src\options.cpp">
      <Filter>parser</Filter>
    </ClCompile>
    <ClCompile Include="src\option-set.cpp">
      <Filter>parser</Filter>
    </ClCompile>
    <ClCompile Include="src\option-syntax.cpp">
      <Filter>syntax</Filter>
    </ClCompile>
    <ClCompile Include="src\option-syntax-symbols.cpp">
      <Filter>syntax</Filter>
    </ClCompile>
    <ClCompile Include="src\option-context-base.cpp">
      <Filter>parser</Filter>
    </ClCompile>
    <ClCompile Include="src\option-context-serial.cpp">
      <Filter>parser</Filter>
    </ClCompile>
  </ItemGroup>
  <ItemGroup>
    <ClInclude Include="extern\catch.hpp">
      <Filter>extern</Filter>
    </ClInclude>
    <ClInclude Include="src\options.h">
      <Filter>parser</Filter>
    </ClInclude>
    <ClInclude Include="src\option-set.h">
      <Filter>parser</Filter>
    </ClInclude>
    <ClInclude Include="src\option-syntax-symbols.h">
      <Filter>syntax</Filter>
    </ClInclude>
    <ClInclude Include="src\option-syntax.h">
      <Filter>syntax</Filter>
    </ClInclude>
    <ClInclude Include="src\option-context-base.h">
      <Filter>parser</Filter>
    </ClInclude>
    <ClInclude Include="src\option-context-serial.h">
      <Filter>parser</Filter>
    </ClInclude>
  </ItemGroup>
  <ItemGroup>
    <Filter Include="test">
      <UniqueIdentifier>{655fa40a-c80d-4d98-b971-4af1a03c4d34}</UniqueIdentifier>
    </Filter>
    <Filter Include="extern">
      <UniqueIdentifier>{0083d38e-2f0e-4886-9e27-97ef65bd1185}</UniqueIdentifier>
    </Filter>
    <Filter Include="parser">
      <UniqueIdentifier>{77eaf08b-60c1-4a30-a6bb-f04297207cfe}</UniqueIdentifier>
    </Filter>
    <Filter Include="syntax">
      <UniqueIdentifier>{ef0c94dc-eb93-456d-bde2-64021a1b79cf}</UniqueIdentifier>
    </Filter>
  </ItemGroup>
</Project>